
Microsoft Visual Studio Solution File, Format Version 12.00
# Visual Studio 14
VisualStudioVersion = 14.0.25123.0
MinimumVisualStudioVersion = 10.0.40219.1
Project("{FAE04EC0-301F-11D3-BF4B-00C04F79EFBC}") = "Provausio.Parsing", "Provausio.Parsing.csproj", "{AA8E96E7-68C4-472C-B199-D6C359D2EEDB}"
EndProject
Project("{FAE04EC0-301F-11D3-BF4B-00C04F79EFBC}") = "Provausio.Parsing.Test", "..\Provausio.Parsing.Test\Provausio.Parsing.Test.csproj", "{A6C8C47B-D736-469B-99D5-B2F4E0C0B84E}"
EndProject
Global
	GlobalSection(SolutionConfigurationPlatforms) = preSolution
		Debug|Any CPU = Debug|Any CPU
		Release|Any CPU = Release|Any CPU
	EndGlobalSection
	GlobalSection(ProjectConfigurationPlatforms) = postSolution
		{AA8E96E7-68C4-472C-B199-D6C359D2EEDB}.Debug|Any CPU.ActiveCfg = Debug|Any CPU
		{AA8E96E7-68C4-472C-B199-D6C359D2EEDB}.Debug|Any CPU.Build.0 = Debug|Any CPU
		{AA8E96E7-68C4-472C-B199-D6C359D2EEDB}.Release|Any CPU.ActiveCfg = Release|Any CPU
		{AA8E96E7-68C4-472C-B199-D6C359D2EEDB}.Release|Any CPU.Build.0 = Release|Any CPU
		{A6C8C47B-D736-469B-99D5-B2F4E0C0B84E}.Debug|Any CPU.ActiveCfg = Debug|Any CPU
		{A6C8C47B-D736-469B-99D5-B2F4E0C0B84E}.Debug|Any CPU.Build.0 = Debug|Any CPU
		{A6C8C47B-D736-469B-99D5-B2F4E0C0B84E}.Release|Any CPU.ActiveCfg = Release|Any CPU
		{A6C8C47B-D736-469B-99D5-B2F4E0C0B84E}.Release|Any CPU.Build.0 = Release|Any CPU
	EndGlobalSection
	GlobalSection(SolutionProperties) = preSolution
		HideSolutionNode = FALSE
	EndGlobalSection
EndGlobal
